
Microsoft Visual Studio Solution File, Format Version 12.00
# Visual Studio Version 16
VisualStudioVersion = 16.0.32602.291
MinimumVisualStudioVersion = 10.0.40219.1
Project("{8BC9CEB8-8B4A-11D0-8D11-00A0C91BC942}") = "process", "..\src\process\process.vcxproj", "{6873EA04-C8F4-4DEE-A7ED-51BFCACE829E}"
EndProject
Project("{8BC9CEB8-8B4A-11D0-8D11-00A0C91BC942}") = "dump", "..\src\dump\dump.vcxproj", "{8BBC4076-8637-49BA-95AB-016DF49CC4A7}"
EndProject
Project("{8BC9CEB8-8B4A-11D0-8D11-00A0C91BC942}") = "c++11_feature", "..\src\c++11\c++11_feature.vcxproj", "{CDD61792-57E7-41CD-B1F7-45E812AFDFAB}"
EndProject
Project("{8BC9CEB8-8B4A-11D0-8D11-00A0C91BC942}") = "thread", "..\src\thread\thread.vcxproj", "{B3877C05-D87B-47E2-A9AC-9658F78440F9}"
EndProject
Project("{8BC9CEB8-8B4A-11D0-8D11-00A0C91BC942}") = "create_service", "..\src\create_service\create_service.vcxproj", "{A6EFB723-6404-4FE7-B6F8-716AD425308C}"
	ProjectSection(ProjectDependencies) = postProject
		{841ADC0F-1A50-43A1-B602-73731B8FE89D} = {841ADC0F-1A50-43A1-B602-73731B8FE89D}
	EndProjectSection
EndProject
Project("{8BC9CEB8-8B4A-11D0-8D11-00A0C91BC942}") = "common", "..\src\common\common.vcxproj", "{841ADC0F-1A50-43A1-B602-73731B8FE89D}"
EndProject
Project("{8BC9CEB8-8B4A-11D0-8D11-00A0C91BC942}") = "log4cppDemo", "..\src\log4cppDemo\log4cppDemo.vcxproj", "{6C7337A5-B5D0-4B7C-BB39-20BD36DC8578}"
	ProjectSection(ProjectDependencies) = postProject
		{841ADC0F-1A50-43A1-B602-73731B8FE89D} = {841ADC0F-1A50-43A1-B602-73731B8FE89D}
		{8C796FDD-5BB9-41D5-8471-DDC897C8C486} = {8C796FDD-5BB9-41D5-8471-DDC897C8C486}
	EndProjectSection
EndProject
Project("{8BC9CEB8-8B4A-11D0-8D11-00A0C91BC942}") = "log4cpp", "..\src\log4cpp\log4cpp.vcxproj", "{8C796FDD-5BB9-41D5-8471-DDC897C8C486}"
EndProject
Project("{8BC9CEB8-8B4A-11D0-8D11-00A0C91BC942}") = "unittest", "..\src\unittest\unittest.vcxproj", "{B7624CD7-7A8E-4A32-BCE2-66E9BAFB996C}"
	ProjectSection(ProjectDependencies) = postProject
		{841ADC0F-1A50-43A1-B602-73731B8FE89D} = {841ADC0F-1A50-43A1-B602-73731B8FE89D}
	EndProjectSection
EndProject
Project("{8BC9CEB8-8B4A-11D0-8D11-00A0C91BC942}") = "iocpmodel", "..\src\iocpmodel\iocpmodel.vcxproj", "{EC9D807C-C058-42DF-B9CE-237672DE5DE1}"
EndProject
Project("{8BC9CEB8-8B4A-11D0-8D11-00A0C91BC942}") = "IPC", "..\src\IPC\IPC.vcxproj", "{8CD7A186-52FA-466F-80CB-2AD9B0C66187}"
EndProject
Project("{8BC9CEB8-8B4A-11D0-8D11-00A0C91BC942}") = "socket_client", "..\src\socket_client\socket_client.vcxproj", "{6364EE30-5EBC-4093-A3E7-E87C5AC72749}"
EndProject
Project("{8BC9CEB8-8B4A-11D0-8D11-00A0C91BC942}") = "STL", "..\src\STL\STL.vcxproj", "{23E7F9BE-3E3E-47D7-B49D-89B07708BEFB}"
EndProject
Project("{8BC9CEB8-8B4A-11D0-8D11-00A0C91BC942}") = "task_dll", "..\src\task_dll\task_dll.vcxproj", "{C66AFC39-873A-48DA-A2E0-65389ED885ED}"
EndProject
Project("{8BC9CEB8-8B4A-11D0-8D11-00A0C91BC942}") = "Win32API", "..\src\Win32API\Win32API.vcxproj", "{EB7E2D65-3539-4AEC-BEEA-D7F332BC14C1}"
EndProject
Project("{2150E333-8FDC-42A3-9474-1A3956D46DE8}") = "about_dll", "about_dll", "{C6C18CA7-63C7-443D-9465-24B734E7245F}"
EndProject
Project("{8BC9CEB8-8B4A-11D0-8D11-00A0C91BC942}") = "test_dll", "..\src\about_dll\test_dll\test_dll.vcxproj", "{72723E2E-DAA4-427F-878B-56EA06B5A5DC}"
EndProject
Project("{8BC9CEB8-8B4A-11D0-8D11-00A0C91BC942}") = "hello_dll", "..\src\about_dll\hello_dll\hello_dll.vcxproj", "{62737069-E10B-4179-BAEB-1666FF54BE97}"
EndProject
Project("{8BC9CEB8-8B4A-11D0-8D11-00A0C91BC942}") = "testdll2", "..\src\about_dll\testdll2\testdll2.vcxproj", "{07DB97BE-AF67-4944-8E8A-F990D08C0F09}"
EndProject
Project("{8BC9CEB8-8B4A-11D0-8D11-00A0C91BC942}") = "memory", "..\src\memory\memory.vcxproj", "{E92C1F7B-EB68-4B1D-AEA5-6B4D01DDFD45}"
EndProject
Global
	GlobalSection(SolutionConfigurationPlatforms) = preSolution
		Debug with Boost|Win32 = Debug with Boost|Win32
		Debug with Boost|x64 = Debug with Boost|x64
		Debug|Win32 = Debug|Win32
		Debug|x64 = Debug|x64
		Release with Boost|Win32 = Release with Boost|Win32
		Release with Boost|x64 = Release with Boost|x64
		Release|Win32 = Release|Win32
		Release|x64 = Release|x64
	EndGlobalSection
	GlobalSection(ProjectConfigurationPlatforms) = postSolution
		{6873EA04-C8F4-4DEE-A7ED-51BFCACE829E}.Debug with Boost|Win32.ActiveCfg = Debug|Win32
		{6873EA04-C8F4-4DEE-A7ED-51BFCACE829E}.Debug with Boost|Win32.Build.0 = Debug|Win32
		{6873EA04-C8F4-4DEE-A7ED-51BFCACE829E}.Debug with Boost|x64.ActiveCfg = Debug|Win32
		{6873EA04-C8F4-4DEE-A7ED-51BFCACE829E}.Debug|Win32.ActiveCfg = Debug|Win32
		{6873EA04-C8F4-4DEE-A7ED-51BFCACE829E}.Debug|Win32.Build.0 = Debug|Win32
		{6873EA04-C8F4-4DEE-A7ED-51BFCACE829E}.Debug|x64.ActiveCfg = Debug|Win32
		{6873EA04-C8F4-4DEE-A7ED-51BFCACE829E}.Release with Boost|Win32.ActiveCfg = Release|Win32
		{6873EA04-C8F4-4DEE-A7ED-51BFCACE829E}.Release with Boost|Win32.Build.0 = Release|Win32
		{6873EA04-C8F4-4DEE-A7ED-51BFCACE829E}.Release with Boost|x64.ActiveCfg = Release|Win32
		{6873EA04-C8F4-4DEE-A7ED-51BFCACE829E}.Release|Win32.ActiveCfg = Release|Win32
		{6873EA04-C8F4-4DEE-A7ED-51BFCACE829E}.Release|Win32.Build.0 = Release|Win32
		{6873EA04-C8F4-4DEE-A7ED-51BFCACE829E}.Release|x64.ActiveCfg = Release|Win32
		{8BBC4076-8637-49BA-95AB-016DF49CC4A7}.Debug with Boost|Win32.ActiveCfg = Debug|Win32
		{8BBC4076-8637-49BA-95AB-016DF49CC4A7}.Debug with Boost|Win32.Build.0 = Debug|Win32
		{8BBC4076-8637-49BA-95AB-016DF49CC4A7}.Debug with Boost|x64.ActiveCfg = Debug|Win32
		{8BBC4076-8637-49BA-95AB-016DF49CC4A7}.Debug|Win32.ActiveCfg = Debug|Win32
		{8BBC4076-8637-49BA-95AB-016DF49CC4A7}.Debug|Win32.Build.0 = Debug|Win32
		{8BBC4076-8637-49BA-95AB-016DF49CC4A7}.Debug|x64.ActiveCfg = Debug|Win32
		{8BBC4076-8637-49BA-95AB-016DF49CC4A7}.Release with Boost|Win32.ActiveCfg = Release|Win32
		{8BBC4076-8637-49BA-95AB-016DF49CC4A7}.Release with Boost|Win32.Build.0 = Release|Win32
		{8BBC4076-8637-49BA-95AB-016DF49CC4A7}.Release with Boost|x64.ActiveCfg = Release|Win32
		{8BBC4076-8637-49BA-95AB-016DF49CC4A7}.Release|Win32.ActiveCfg = Release|Win32
		{8BBC4076-8637-49BA-95AB-016DF49CC4A7}.Release|Win32.Build.0 = Release|Win32
		{8BBC4076-8637-49BA-95AB-016DF49CC4A7}.Release|x64.ActiveCfg = Release|Win32
		{CDD61792-57E7-41CD-B1F7-45E812AFDFAB}.Debug with Boost|Win32.ActiveCfg = Debug|Win32
		{CDD61792-57E7-41CD-B1F7-45E812AFDFAB}.Debug with Boost|Win32.Build.0 = Debug|Win32
		{CDD61792-57E7-41CD-B1F7-45E812AFDFAB}.Debug with Boost|x64.ActiveCfg = Debug|Win32
		{CDD61792-57E7-41CD-B1F7-45E812AFDFAB}.Debug|Win32.ActiveCfg = Debug|Win32
		{CDD61792-57E7-41CD-B1F7-45E812AFDFAB}.Debug|Win32.Build.0 = Debug|Win32
		{CDD61792-57E7-41CD-B1F7-45E812AFDFAB}.Debug|x64.ActiveCfg = Debug|Win32
		{CDD61792-57E7-41CD-B1F7-45E812AFDFAB}.Release with Boost|Win32.ActiveCfg = Release|Win32
		{CDD61792-57E7-41CD-B1F7-45E812AFDFAB}.Release with Boost|Win32.Build.0 = Release|Win32
		{CDD61792-57E7-41CD-B1F7-45E812AFDFAB}.Release with Boost|x64.ActiveCfg = Release|Win32
		{CDD61792-57E7-41CD-B1F7-45E812AFDFAB}.Release|Win32.ActiveCfg = Release|Win32
		{CDD61792-57E7-41CD-B1F7-45E812AFDFAB}.Release|Win32.Build.0 = Release|Win32
		{CDD61792-57E7-41CD-B1F7-45E812AFDFAB}.Release|x64.ActiveCfg = Release|Win32
		{B3877C05-D87B-47E2-A9AC-9658F78440F9}.Debug with Boost|Win32.ActiveCfg = Debug|Win32
		{B3877C05-D87B-47E2-A9AC-9658F78440F9}.Debug with Boost|Win32.Build.0 = Debug|Win32
		{B3877C05-D87B-47E2-A9AC-9658F78440F9}.Debug with Boost|x64.ActiveCfg = Debug|Win32
		{B3877C05-D87B-47E2-A9AC-9658F78440F9}.Debug|Win32.ActiveCfg = Debug|Win32
		{B3877C05-D87B-47E2-A9AC-9658F78440F9}.Debug|Win32.Build.0 = Debug|Win32
		{B3877C05-D87B-47E2-A9AC-9658F78440F9}.Debug|x64.ActiveCfg = Debug|Win32
		{B3877C05-D87B-47E2-A9AC-9658F78440F9}.Release with Boost|Win32.ActiveCfg = Release|Win32
		{B3877C05-D87B-47E2-A9AC-9658F78440F9}.Release with Boost|Win32.Build.0 = Release|Win32
		{B3877C05-D87B-47E2-A9AC-9658F78440F9}.Release with Boost|x64.ActiveCfg = Release|Win32
		{B3877C05-D87B-47E2-A9AC-9658F78440F9}.Release|Win32.ActiveCfg = Release|Win32
		{B3877C05-D87B-47E2-A9AC-9658F78440F9}.Release|Win32.Build.0 = Release|Win32
		{B3877C05-D87B-47E2-A9AC-9658F78440F9}.Release|x64.ActiveCfg = Release|Win32
		{A6EFB723-6404-4FE7-B6F8-716AD425308C}.Debug with Boost|Win32.ActiveCfg = Debug|Win32
		{A6EFB723-6404-4FE7-B6F8-716AD425308C}.Debug with Boost|Win32.Build.0 = Debug|Win32
		{A6EFB723-6404-4FE7-B6F8-716AD425308C}.Debug with Boost|x64.ActiveCfg = Debug|Win32
		{A6EFB723-6404-4FE7-B6F8-716AD425308C}.Debug|Win32.ActiveCfg = Debug|Win32
		{A6EFB723-6404-4FE7-B6F8-716AD425308C}.Debug|Win32.Build.0 = Debug|Win32
		{A6EFB723-6404-4FE7-B6F8-716AD425308C}.Debug|x64.ActiveCfg = Debug|Win32
		{A6EFB723-6404-4FE7-B6F8-716AD425308C}.Release with Boost|Win32.ActiveCfg = Release|Win32
		{A6EFB723-6404-4FE7-B6F8-716AD425308C}.Release with Boost|Win32.Build.0 = Release|Win32
		{A6EFB723-6404-4FE7-B6F8-716AD425308C}.Release with Boost|x64.ActiveCfg = Release|Win32
		{A6EFB723-6404-4FE7-B6F8-716AD425308C}.Release|Win32.ActiveCfg = Release|Win32
		{A6EFB723-6404-4FE7-B6F8-716AD425308C}.Release|Win32.Build.0 = Release|Win32
		{A6EFB723-6404-4FE7-B6F8-716AD425308C}.Release|x64.ActiveCfg = Release|Win32
		{841ADC0F-1A50-43A1-B602-73731B8FE89D}.Debug with Boost|Win32.ActiveCfg = Debug|Win32
		{841ADC0F-1A50-43A1-B602-73731B8FE89D}.Debug with Boost|Win32.Build.0 = Debug|Win32
		{841ADC0F-1A50-43A1-B602-73731B8FE89D}.Debug with Boost|x64.ActiveCfg = Debug|Win32
		{841ADC0F-1A50-43A1-B602-73731B8FE89D}.Debug|Win32.ActiveCfg = Debug|Win32
		{841ADC0F-1A50-43A1-B602-73731B8FE89D}.Debug|Win32.Build.0 = Debug|Win32
		{841ADC0F-1A50-43A1-B602-73731B8FE89D}.Debug|x64.ActiveCfg = Debug|Win32
		{841ADC0F-1A50-43A1-B602-73731B8FE89D}.Release with Boost|Win32.ActiveCfg = Release|Win32
		{841ADC0F-1A50-43A1-B602-73731B8FE89D}.Release with Boost|Win32.Build.0 = Release|Win32
		{841ADC0F-1A50-43A1-B602-73731B8FE89D}.Release with Boost|x64.ActiveCfg = Release|Win32
		{841ADC0F-1A50-43A1-B602-73731B8FE89D}.Release|Win32.ActiveCfg = Release|Win32
		{841ADC0F-1A50-43A1-B602-73731B8FE89D}.Release|Win32.Build.0 = Release|Win32
		{841ADC0F-1A50-43A1-B602-73731B8FE89D}.Release|x64.ActiveCfg = Release|x64
		{6C7337A5-B5D0-4B7C-BB39-20BD36DC8578}.Debug with Boost|Win32.ActiveCfg = Debug|Win32
		{6C7337A5-B5D0-4B7C-BB39-20BD36DC8578}.Debug with Boost|Win32.Build.0 = Debug|Win32
		{6C7337A5-B5D0-4B7C-BB39-20BD36DC8578}.Debug with Boost|x64.ActiveCfg = Debug|Win32
		{6C7337A5-B5D0-4B7C-BB39-20BD36DC8578}.Debug|Win32.ActiveCfg = Debug|Win32
		{6C7337A5-B5D0-4B7C-BB39-20BD36DC8578}.Debug|Win32.Build.0 = Debug|Win32
		{6C7337A5-B5D0-4B7C-BB39-20BD36DC8578}.Debug|x64.ActiveCfg = Debug|Win32
		{6C7337A5-B5D0-4B7C-BB39-20BD36DC8578}.Release with Boost|Win32.ActiveCfg = Release|Win32
		{6C7337A5-B5D0-4B7C-BB39-20BD36DC8578}.Release with Boost|Win32.Build.0 = Release|Win32
		{6C7337A5-B5D0-4B7C-BB39-20BD36DC8578}.Release with Boost|x64.ActiveCfg = Release|Win32
		{6C7337A5-B5D0-4B7C-BB39-20BD36DC8578}.Release|Win32.ActiveCfg = Release|Win32
		{6C7337A5-B5D0-4B7C-BB39-20BD36DC8578}.Release|Win32.Build.0 = Release|Win32
		{6C7337A5-B5D0-4B7C-BB39-20BD36DC8578}.Release|x64.ActiveCfg = Release|Win32
		{8C796FDD-5BB9-41D5-8471-DDC897C8C486}.Debug with Boost|Win32.ActiveCfg = Debug with Boost|Win32
		{8C796FDD-5BB9-41D5-8471-DDC897C8C486}.Debug with Boost|Win32.Build.0 = Debug with Boost|Win32
		{8C796FDD-5BB9-41D5-8471-DDC897C8C486}.Debug with Boost|x64.ActiveCfg = Debug with Boost|Win32
		{8C796FDD-5BB9-41D5-8471-DDC897C8C486}.Debug|Win32.ActiveCfg = Debug|Win32
		{8C796FDD-5BB9-41D5-8471-DDC897C8C486}.Debug|Win32.Build.0 = Debug|Win32
		{8C796FDD-5BB9-41D5-8471-DDC897C8C486}.Debug|x64.ActiveCfg = Debug|Win32
		{8C796FDD-5BB9-41D5-8471-DDC897C8C486}.Release with Boost|Win32.ActiveCfg = Release with Boost|Win32
		{8C796FDD-5BB9-41D5-8471-DDC897C8C486}.Release with Boost|Win32.Build.0 = Release with Boost|Win32
		{8C796FDD-5BB9-41D5-8471-DDC897C8C486}.Release with Boost|x64.ActiveCfg = Release with Boost|Win32
		{8C796FDD-5BB9-41D5-8471-DDC897C8C486}.Release|Win32.ActiveCfg = Release|Win32
		{8C796FDD-5BB9-41D5-8471-DDC897C8C486}.Release|Win32.Build.0 = Release|Win32
		{8C796FDD-5BB9-41D5-8471-DDC897C8C486}.Release|x64.ActiveCfg = Release|Win32
		{B7624CD7-7A8E-4A32-BCE2-66E9BAFB996C}.Debug with Boost|Win32.ActiveCfg = Debug|Win32
		{B7624CD7-7A8E-4A32-BCE2-66E9BAFB996C}.Debug with Boost|Win32.Build.0 = Debug|Win32
		{B7624CD7-7A8E-4A32-BCE2-66E9BAFB996C}.Debug with Boost|x64.ActiveCfg = Debug|Win32
		{B7624CD7-7A8E-4A32-BCE2-66E9BAFB996C}.Debug|Win32.ActiveCfg = Debug|Win32
		{B7624CD7-7A8E-4A32-BCE2-66E9BAFB996C}.Debug|Win32.Build.0 = Debug|Win32
		{B7624CD7-7A8E-4A32-BCE2-66E9BAFB996C}.Debug|x64.ActiveCfg = Debug|Win32
		{B7624CD7-7A8E-4A32-BCE2-66E9BAFB996C}.Release with Boost|Win32.ActiveCfg = Release|Win32
		{B7624CD7-7A8E-4A32-BCE2-66E9BAFB996C}.Release with Boost|Win32.Build.0 = Release|Win32
		{B7624CD7-7A8E-4A32-BCE2-66E9BAFB996C}.Release with Boost|x64.ActiveCfg = Release|Win32
		{B7624CD7-7A8E-4A32-BCE2-66E9BAFB996C}.Release|Win32.ActiveCfg = Release|Win32
		{B7624CD7-7A8E-4A32-BCE2-66E9BAFB996C}.Release|Win32.Build.0 = Release|Win32
		{B7624CD7-7A8E-4A32-BCE2-66E9BAFB996C}.Release|x64.ActiveCfg = Release|Win32
		{EC9D807C-C058-42DF-B9CE-237672DE5DE1}.Debug with Boost|Win32.ActiveCfg = Debug|Win32
		{EC9D807C-C058-42DF-B9CE-237672DE5DE1}.Debug with Boost|Win32.Build.0 = Debug|Win32
		{EC9D807C-C058-42DF-B9CE-237672DE5DE1}.Debug with Boost|x64.ActiveCfg = Debug|Win32
		{EC9D807C-C058-42DF-B9CE-237672DE5DE1}.Debug|Win32.ActiveCfg = Debug|Win32
		{EC9D807C-C058-42DF-B9CE-237672DE5DE1}.Debug|Win32.Build.0 = Debug|Win32
		{EC9D807C-C058-42DF-B9CE-237672DE5DE1}.Debug|x64.ActiveCfg = Debug|Win32
		{EC9D807C-C058-42DF-B9CE-237672DE5DE1}.Release with Boost|Win32.ActiveCfg = Release|Win32
		{EC9D807C-C058-42DF-B9CE-237672DE5DE1}.Release with Boost|Win32.Build.0 = Release|Win32
		{EC9D807C-C058-42DF-B9CE-237672DE5DE1}.Release with Boost|x64.ActiveCfg = Release|Win32
		{EC9D807C-C058-42DF-B9CE-237672DE5DE1}.Release|Win32.ActiveCfg = Release|Win32
		{EC9D807C-C058-42DF-B9CE-237672DE5DE1}.Release|Win32.Build.0 = Release|Win32
		{EC9D807C-C058-42DF-B9CE-237672DE5DE1}.Release|x64.ActiveCfg = Release|Win32
		{8CD7A186-52FA-466F-80CB-2AD9B0C66187}.Debug with Boost|Win32.ActiveCfg = Debug|Win32
		{8CD7A186-52FA-466F-80CB-2AD9B0C66187}.Debug with Boost|Win32.Build.0 = Debug|Win32
		{8CD7A186-52FA-466F-80CB-2AD9B0C66187}.Debug with Boost|x64.ActiveCfg = Debug|Win32
		{8CD7A186-52FA-466F-80CB-2AD9B0C66187}.Debug|Win32.ActiveCfg = Debug|Win32
		{8CD7A186-52FA-466F-80CB-2AD9B0C66187}.Debug|Win32.Build.0 = Debug|Win32
		{8CD7A186-52FA-466F-80CB-2AD9B0C66187}.Debug|x64.ActiveCfg = Debug|Win32
		{8CD7A186-52FA-466F-80CB-2AD9B0C66187}.Release with Boost|Win32.ActiveCfg = Release|Win32
		{8CD7A186-52FA-466F-80CB-2AD9B0C66187}.Release with Boost|Win32.Build.0 = Release|Win32
		{8CD7A186-52FA-466F-80CB-2AD9B0C66187}.Release with Boost|x64.ActiveCfg = Release|Win32
		{8CD7A186-52FA-466F-80CB-2AD9B0C66187}.Release|Win32.ActiveCfg = Release|Win32
		{8CD7A186-52FA-466F-80CB-2AD9B0C66187}.Release|Win32.Build.0 = Release|Win32
		{8CD7A186-52FA-466F-80CB-2AD9B0C66187}.Release|x64.ActiveCfg = Release|Win32
		{6364EE30-5EBC-4093-A3E7-E87C5AC72749}.Debug with Boost|Win32.ActiveCfg = Debug|Win32
		{6364EE30-5EBC-4093-A3E7-E87C5AC72749}.Debug with Boost|Win32.Build.0 = Debug|Win32
		{6364EE30-5EBC-4093-A3E7-E87C5AC72749}.Debug with Boost|x64.ActiveCfg = Debug|Win32
		{6364EE30-5EBC-4093-A3E7-E87C5AC72749}.Debug|Win32.ActiveCfg = Debug|Win32
		{6364EE30-5EBC-4093-A3E7-E87C5AC72749}.Debug|Win32.Build.0 = Debug|Win32
		{6364EE30-5EBC-4093-A3E7-E87C5AC72749}.Debug|x64.ActiveCfg = Debug|Win32
		{6364EE30-5EBC-4093-A3E7-E87C5AC72749}.Release with Boost|Win32.ActiveCfg = Release|Win32
		{6364EE30-5EBC-4093-A3E7-E87C5AC72749}.Release with Boost|Win32.Build.0 = Release|Win32
		{6364EE30-5EBC-4093-A3E7-E87C5AC72749}.Release with Boost|x64.ActiveCfg = Release|Win32
		{6364EE30-5EBC-4093-A3E7-E87C5AC72749}.Release|Win32.ActiveCfg = Release|Win32
		{6364EE30-5EBC-4093-A3E7-E87C5AC72749}.Release|Win32.Build.0 = Release|Win32
		{6364EE30-5EBC-4093-A3E7-E87C5AC72749}.Release|x64.ActiveCfg = Release|Win32
		{23E7F9BE-3E3E-47D7-B49D-89B07708BEFB}.Debug with Boost|Win32.ActiveCfg = Debug|Win32
		{23E7F9BE-3E3E-47D7-B49D-89B07708BEFB}.Debug with Boost|Win32.Build.0 = Debug|Win32
		{23E7F9BE-3E3E-47D7-B49D-89B07708BEFB}.Debug with Boost|x64.ActiveCfg = Debug|Win32
		{23E7F9BE-3E3E-47D7-B49D-89B07708BEFB}.Debug|Win32.ActiveCfg = Debug|Win32
		{23E7F9BE-3E3E-47D7-B49D-89B07708BEFB}.Debug|Win32.Build.0 = Debug|Win32
		{23E7F9BE-3E3E-47D7-B49D-89B07708BEFB}.Debug|x64.ActiveCfg = Debug|Win32
		{23E7F9BE-3E3E-47D7-B49D-89B07708BEFB}.Release with Boost|Win32.ActiveCfg = Release|Win32
		{23E7F9BE-3E3E-47D7-B49D-89B07708BEFB}.Release with Boost|Win32.Build.0 = Release|Win32
		{23E7F9BE-3E3E-47D7-B49D-89B07708BEFB}.Release with Boost|x64.ActiveCfg = Release|Win32
		{23E7F9BE-3E3E-47D7-B49D-89B07708BEFB}.Release|Win32.ActiveCfg = Release|Win32
		{23E7F9BE-3E3E-47D7-B49D-89B07708BEFB}.Release|Win32.Build.0 = Release|Win32
		{23E7F9BE-3E3E-47D7-B49D-89B07708BEFB}.Release|x64.ActiveCfg = Release|Win32
		{C66AFC39-873A-48DA-A2E0-65389ED885ED}.Debug with Boost|Win32.ActiveCfg = Debug|Win32
		{C66AFC39-873A-48DA-A2E0-65389ED885ED}.Debug with Boost|Win32.Build.0 = Debug|Win32
		{C66AFC39-873A-48DA-A2E0-65389ED885ED}.Debug with Boost|x64.ActiveCfg = Debug|x64
		{C66AFC39-873A-48DA-A2E0-65389ED885ED}.Debug with Boost|x64.Build.0 = Debug|x64
		{C66AFC39-873A-48DA-A2E0-65389ED885ED}.Debug|Win32.ActiveCfg = Debug|Win32
		{C66AFC39-873A-48DA-A2E0-65389ED885ED}.Debug|Win32.Build.0 = Debug|Win32
		{C66AFC39-873A-48DA-A2E0-65389ED885ED}.Debug|x64.ActiveCfg = Debug|x64
		{C66AFC39-873A-48DA-A2E0-65389ED885ED}.Debug|x64.Build.0 = Debug|x64
		{C66AFC39-873A-48DA-A2E0-65389ED885ED}.Release with Boost|Win32.ActiveCfg = Release|Win32
		{C66AFC39-873A-48DA-A2E0-65389ED885ED}.Release with Boost|Win32.Build.0 = Release|Win32
		{C66AFC39-873A-48DA-A2E0-65389ED885ED}.Release with Boost|x64.ActiveCfg = Release|x64
		{C66AFC39-873A-48DA-A2E0-65389ED885ED}.Release with Boost|x64.Build.0 = Release|x64
		{C66AFC39-873A-48DA-A2E0-65389ED885ED}.Release|Win32.ActiveCfg = Release|Win32
		{C66AFC39-873A-48DA-A2E0-65389ED885ED}.Release|Win32.Build.0 = Release|Win32
		{C66AFC39-873A-48DA-A2E0-65389ED885ED}.Release|x64.ActiveCfg = Release|x64
		{C66AFC39-873A-48DA-A2E0-65389ED885ED}.Release|x64.Build.0 = Release|x64
		{EB7E2D65-3539-4AEC-BEEA-D7F332BC14C1}.Debug with Boost|Win32.ActiveCfg = Debug|Win32
		{EB7E2D65-3539-4AEC-BEEA-D7F332BC14C1}.Debug with Boost|Win32.Build.0 = Debug|Win32
		{EB7E2D65-3539-4AEC-BEEA-D7F332BC14C1}.Debug with Boost|x64.ActiveCfg = Debug|x64
		{EB7E2D65-3539-4AEC-BEEA-D7F332BC14C1}.Debug with Boost|x64.Build.0 = Debug|x64
		{EB7E2D65-3539-4AEC-BEEA-D7F332BC14C1}.Debug|Win32.ActiveCfg = Debug|Win32
		{EB7E2D65-3539-4AEC-BEEA-D7F332BC14C1}.Debug|Win32.Build.0 = Debug|Win32
		{EB7E2D65-3539-4AEC-BEEA-D7F332BC14C1}.Debug|x64.ActiveCfg = Debug|x64
		{EB7E2D65-3539-4AEC-BEEA-D7F332BC14C1}.Debug|x64.Build.0 = Debug|x64
		{EB7E2D65-3539-4AEC-BEEA-D7F332BC14C1}.Release with Boost|Win32.ActiveCfg = Release|Win32
		{EB7E2D65-3539-4AEC-BEEA-D7F332BC14C1}.Release with Boost|Win32.Build.0 = Release|Win32
		{EB7E2D65-3539-4AEC-BEEA-D7F332BC14C1}.Release with Boost|x64.ActiveCfg = Release|x64
		{EB7E2D65-3539-4AEC-BEEA-D7F332BC14C1}.Release with Boost|x64.Build.0 = Release|x64
		{EB7E2D65-3539-4AEC-BEEA-D7F332BC14C1}.Release|Win32.ActiveCfg = Release|Win32
		{EB7E2D65-3539-4AEC-BEEA-D7F332BC14C1}.Release|Win32.Build.0 = Release|Win32
		{EB7E2D65-3539-4AEC-BEEA-D7F332BC14C1}.Release|x64.ActiveCfg = Release|x64
		{EB7E2D65-3539-4AEC-BEEA-D7F332BC14C1}.Release|x64.Build.0 = Release|x64
		{72723E2E-DAA4-427F-878B-56EA06B5A5DC}.Debug with Boost|Win32.ActiveCfg = Debug|Win32
		{72723E2E-DAA4-427F-878B-56EA06B5A5DC}.Debug with Boost|Win32.Build.0 = Debug|Win32
		{72723E2E-DAA4-427F-878B-56EA06B5A5DC}.Debug with Boost|x64.ActiveCfg = Debug|x64
		{72723E2E-DAA4-427F-878B-56EA06B5A5DC}.Debug with Boost|x64.Build.0 = Debug|x64
		{72723E2E-DAA4-427F-878B-56EA06B5A5DC}.Debug|Win32.ActiveCfg = Debug|Win32
		{72723E2E-DAA4-427F-878B-56EA06B5A5DC}.Debug|Win32.Build.0 = Debug|Win32
		{72723E2E-DAA4-427F-878B-56EA06B5A5DC}.Debug|x64.ActiveCfg = Debug|x64
		{72723E2E-DAA4-427F-878B-56EA06B5A5DC}.Debug|x64.Build.0 = Debug|x64
		{72723E2E-DAA4-427F-878B-56EA06B5A5DC}.Release with Boost|Win32.ActiveCfg = Release|Win32
		{72723E2E-DAA4-427F-878B-56EA06B5A5DC}.Release with Boost|Win32.Build.0 = Release|Win32
		{72723E2E-DAA4-427F-878B-56EA06B5A5DC}.Release with Boost|x64.ActiveCfg = Release|x64
		{72723E2E-DAA4-427F-878B-56EA06B5A5DC}.Release with Boost|x64.Build.0 = Release|x64
		{72723E2E-DAA4-427F-878B-56EA06B5A5DC}.Release|Win32.ActiveCfg = Release|Win32
		{72723E2E-DAA4-427F-878B-56EA06B5A5DC}.Release|Win32.Build.0 = Release|Win32
		{72723E2E-DAA4-427F-878B-56EA06B5A5DC}.Release|x64.ActiveCfg = Release|x64
		{72723E2E-DAA4-427F-878B-56EA06B5A5DC}.Release|x64.Build.0 = Release|x64
		{62737069-E10B-4179-BAEB-1666FF54BE97}.Debug with Boost|Win32.ActiveCfg = Debug|Win32
		{62737069-E10B-4179-BAEB-1666FF54BE97}.Debug with Boost|Win32.Build.0 = Debug|Win32
		{62737069-E10B-4179-BAEB-1666FF54BE97}.Debug with Boost|x64.ActiveCfg = Debug|x64
		{62737069-E10B-4179-BAEB-1666FF54BE97}.Debug with Boost|x64.Build.0 = Debug|x64
		{62737069-E10B-4179-BAEB-1666FF54BE97}.Debug|Win32.ActiveCfg = Debug|Win32
		{62737069-E10B-4179-BAEB-1666FF54BE97}.Debug|Win32.Build.0 = Debug|Win32
		{62737069-E10B-4179-BAEB-1666FF54BE97}.Debug|x64.ActiveCfg = Debug|x64
		{62737069-E10B-4179-BAEB-1666FF54BE97}.Debug|x64.Build.0 = Debug|x64
		{62737069-E10B-4179-BAEB-1666FF54BE97}.Release with Boost|Win32.ActiveCfg = Release|Win32
		{62737069-E10B-4179-BAEB-1666FF54BE97}.Release with Boost|Win32.Build.0 = Release|Win32
		{62737069-E10B-4179-BAEB-1666FF54BE97}.Release with Boost|x64.ActiveCfg = Release|x64
		{62737069-E10B-4179-BAEB-1666FF54BE97}.Release with Boost|x64.Build.0 = Release|x64
		{62737069-E10B-4179-BAEB-1666FF54BE97}.Release|Win32.ActiveCfg = Release|Win32
		{62737069-E10B-4179-BAEB-1666FF54BE97}.Release|Win32.Build.0 = Release|Win32
		{62737069-E10B-4179-BAEB-1666FF54BE97}.Release|x64.ActiveCfg = Release|x64
		{62737069-E10B-4179-BAEB-1666FF54BE97}.Release|x64.Build.0 = Release|x64
		{07DB97BE-AF67-4944-8E8A-F990D08C0F09}.Debug with Boost|Win32.ActiveCfg = Debug|Win32
		{07DB97BE-AF67-4944-8E8A-F990D08C0F09}.Debug with Boost|Win32.Build.0 = Debug|Win32
		{07DB97BE-AF67-4944-8E8A-F990D08C0F09}.Debug with Boost|x64.ActiveCfg = Debug|x64
		{07DB97BE-AF67-4944-8E8A-F990D08C0F09}.Debug with Boost|x64.Build.0 = Debug|x64
		{07DB97BE-AF67-4944-8E8A-F990D08C0F09}.Debug|Win32.ActiveCfg = Debug|Win32
		{07DB97BE-AF67-4944-8E8A-F990D08C0F09}.Debug|Win32.Build.0 = Debug|Win32
		{07DB97BE-AF67-4944-8E8A-F990D08C0F09}.Debug|x64.ActiveCfg = Debug|x64
		{07DB97BE-AF67-4944-8E8A-F990D08C0F09}.Debug|x64.Build.0 = Debug|x64
		{07DB97BE-AF67-4944-8E8A-F990D08C0F09}.Release with Boost|Win32.ActiveCfg = Release|Win32
		{07DB97BE-AF67-4944-8E8A-F990D08C0F09}.Release with Boost|Win32.Build.0 = Release|Win32
		{07DB97BE-AF67-4944-8E8A-F990D08C0F09}.Release with Boost|x64.ActiveCfg = Release|x64
		{07DB97BE-AF67-4944-8E8A-F990D08C0F09}.Release with Boost|x64.Build.0 = Release|x64
		{07DB97BE-AF67-4944-8E8A-F990D08C0F09}.Release|Win32.ActiveCfg = Release|Win32
		{07DB97BE-AF67-4944-8E8A-F990D08C0F09}.Release|Win32.Build.0 = Release|Win32
		{07DB97BE-AF67-4944-8E8A-F990D08C0F09}.Release|x64.ActiveCfg = Release|x64
		{07DB97BE-AF67-4944-8E8A-F990D08C0F09}.Release|x64.Build.0 = Release|x64
		{E92C1F7B-EB68-4B1D-AEA5-6B4D01DDFD45}.Debug with Boost|Win32.ActiveCfg = Debug|Win32
		{E92C1F7B-EB68-4B1D-AEA5-6B4D01DDFD45}.Debug with Boost|Win32.Build.0 = Debug|Win32
		{E92C1F7B-EB68-4B1D-AEA5-6B4D01DDFD45}.Debug with Boost|x64.ActiveCfg = Debug|x64
		{E92C1F7B-EB68-4B1D-AEA5-6B4D01DDFD45}.Debug with Boost|x64.Build.0 = Debug|x64
		{E92C1F7B-EB68-4B1D-AEA5-6B4D01DDFD45}.Debug|Win32.ActiveCfg = Debug|Win32
		{E92C1F7B-EB68-4B1D-AEA5-6B4D01DDFD45}.Debug|Win32.Build.0 = Debug|Win32
		{E92C1F7B-EB68-4B1D-AEA5-6B4D01DDFD45}.Debug|x64.ActiveCfg = Debug|x64
		{E92C1F7B-EB68-4B1D-AEA5-6B4D01DDFD45}.Debug|x64.Build.0 = Debug|x64
		{E92C1F7B-EB68-4B1D-AEA5-6B4D01DDFD45}.Release with Boost|Win32.ActiveCfg = Release|Win32
		{E92C1F7B-EB68-4B1D-AEA5-6B4D01DDFD45}.Release with Boost|Win32.Build.0 = Release|Win32
		{E92C1F7B-EB68-4B1D-AEA5-6B4D01DDFD45}.Release with Boost|x64.ActiveCfg = Release|x64
		{E92C1F7B-EB68-4B1D-AEA5-6B4D01DDFD45}.Release with Boost|x64.Build.0 = Release|x64
		{E92C1F7B-EB68-4B1D-AEA5-6B4D01DDFD45}.Release|Win32.ActiveCfg = Release|Win32
		{E92C1F7B-EB68-4B1D-AEA5-6B4D01DDFD45}.Release|Win32.Build.0 = Release|Win32
		{E92C1F7B-EB68-4B1D-AEA5-6B4D01DDFD45}.Release|x64.ActiveCfg = Release|x64
		{E92C1F7B-EB68-4B1D-AEA5-6B4D01DDFD45}.Release|x64.Build.0 = Release|x64
	EndGlobalSection
	GlobalSection(SolutionProperties) = preSolution
		HideSolutionNode = FALSE
	EndGlobalSection
	GlobalSection(NestedProjects) = preSolution
		{72723E2E-DAA4-427F-878B-56EA06B5A5DC} = {C6C18CA7-63C7-443D-9465-24B734E7245F}
		{62737069-E10B-4179-BAEB-1666FF54BE97} = {C6C18CA7-63C7-443D-9465-24B734E7245F}
		{07DB97BE-AF67-4944-8E8A-F990D08C0F09} = {C6C18CA7-63C7-443D-9465-24B734E7245F}
	EndGlobalSection
	GlobalSection(ExtensibilityGlobals) = postSolution
		SolutionGuid = {E3725B7B-5512-4577-8868-68FC98967AA0}
	EndGlobalSection
EndGlobal
