<?xml version="1.0" encoding="utf-8"?>
<Project ToolsVersion="4.0" xmlns="http://schemas.microsoft.com/developer/msbuild/2003">
  <ItemGroup>
    <Filter Include="Header Files">
      <UniqueIdentifier>{c6e16247-b1e1-4ef2-a083-76cc6ac9c71f}</UniqueIdentifier>
    </Filter>
    <Filter Include="Source Files">
      <UniqueIdentifier>{07a0195b-cbaf-4173-8ee4-85e719ef1873}</UniqueIdentifier>
    </Filter>
  </ItemGroup>
  <ItemGroup>
    <ClCompile Include="..\source\main.cpp">
      <Filter>Source Files</Filter>
    </ClCompile>
  </ItemGroup>
  <ItemGroup>
    <ClInclude Include="..\source\objsize.h">
      <Filter>Header Files</Filter>
    </ClInclude>
    <ClInclude Include="..\source\analysis_adjust_this.h">
      <Filter>Header Files</Filter>
    </ClInclude>
    <ClInclude Include="..\source\default_constructor.cpp">
      <Filter>Header Files</Filter>
    </ClInclude>
    <ClInclude Include="..\source\compiler_optimization.h">
      <Filter>Header Files</Filter>
    </ClInclude>
  </ItemGroup>
</Project>