
Microsoft Visual Studio Solution File, Format Version 12.00
# Visual Studio 2013
VisualStudioVersion = 12.0.31101.0
MinimumVisualStudioVersion = 10.0.40219.1
Project("{8BC9CEB8-8B4A-11D0-8D11-00A0C91BC942}") = "chapter_2", "..\src\chapter_2\chapter_2.vcxproj", "{C7A37739-36C0-4711-8D60-1027E4B50D52}"
EndProject
Project("{8BC9CEB8-8B4A-11D0-8D11-00A0C91BC942}") = "chapter_3", "..\src\chapter_3\chapter_3.vcxproj", "{55E87DE5-A1DB-4690-A4A5-966625B37DED}"
EndProject
Project("{8BC9CEB8-8B4A-11D0-8D11-00A0C91BC942}") = "chapter_4", "..\src\chapter_4\chapter_4.vcxproj", "{D44703B3-4DE9-4CE3-A838-841A2529CE89}"
EndProject
Global
	GlobalSection(SolutionConfigurationPlatforms) = preSolution
		Debug|Win32 = Debug|Win32
		Release|Win32 = Release|Win32
	EndGlobalSection
	GlobalSection(ProjectConfigurationPlatforms) = postSolution
		{C7A37739-36C0-4711-8D60-1027E4B50D52}.Debug|Win32.ActiveCfg = Debug|Win32
		{C7A37739-36C0-4711-8D60-1027E4B50D52}.Debug|Win32.Build.0 = Debug|Win32
		{C7A37739-36C0-4711-8D60-1027E4B50D52}.Release|Win32.ActiveCfg = Release|Win32
		{C7A37739-36C0-4711-8D60-1027E4B50D52}.Release|Win32.Build.0 = Release|Win32
		{55E87DE5-A1DB-4690-A4A5-966625B37DED}.Debug|Win32.ActiveCfg = Debug|Win32
		{55E87DE5-A1DB-4690-A4A5-966625B37DED}.Debug|Win32.Build.0 = Debug|Win32
		{55E87DE5-A1DB-4690-A4A5-966625B37DED}.Release|Win32.ActiveCfg = Release|Win32
		{55E87DE5-A1DB-4690-A4A5-966625B37DED}.Release|Win32.Build.0 = Release|Win32
		{D44703B3-4DE9-4CE3-A838-841A2529CE89}.Debug|Win32.ActiveCfg = Debug|Win32
		{D44703B3-4DE9-4CE3-A838-841A2529CE89}.Debug|Win32.Build.0 = Debug|Win32
		{D44703B3-4DE9-4CE3-A838-841A2529CE89}.Release|Win32.ActiveCfg = Release|Win32
		{D44703B3-4DE9-4CE3-A838-841A2529CE89}.Release|Win32.Build.0 = Release|Win32
	EndGlobalSection
	GlobalSection(SolutionProperties) = preSolution
		HideSolutionNode = FALSE
	EndGlobalSection
EndGlobal
